{
  "nodes": {
    "asus-numberpad-driver": {
      "inputs": {
        "nixpkgs": [
          "nixpkgs"
        ]
      },
      "locked": {
        "lastModified": 1779784375,
        "narHash": "sha256-PZKffqfdwBW6b7RgnbEG036MI8HxBn7rVnYR8svGbiw=",
        "owner": "asus-linux-drivers",
        "repo": "asus-numberpad-driver",
        "rev": "3aebce77113cf599794c65d4fdd0f40ee8f2ef26",
        "type": "github"
      },
      "original": {
        "owner": "asus-linux-drivers",
        "ref": "v7.0.0",
        "repo": "asus-numberpad-driver",
        "type": "github"
      }
    },
    "claude-code-nix": {
      "inputs": {
        "flake-utils": "flake-utils",
        "nixpkgs": [
          "nixpkgs"
        ]
      },
      "locked": {
        "lastModified": 1781239065,
        "narHash": "sha256-f0RhbIrYxEcdKdFbiXDWPLz+IssS+E8ORAheC0/vUY0=",
        "owner": "sadjow",
        "repo": "claude-code-nix",
        "rev": "23a9a631d03d0e06af789996c5c97d7b0b6a1bf1",
        "type": "github"
      },
      "original": {
        "owner": "sadjow",
        "repo": "claude-code-nix",
        "type": "github"
      }
    },
    "compchem-cctop": {
      "inputs": {
        "nixpkgs": [
          "nixpkgs"
        ]
      },
      "locked": {
        "lastModified": 1778376792,
        "narHash": "sha256-Dy8fe3uSVEqwd+/s1bDMszrq3MlxkHqyInriWFarrI8=",
        "owner": "JEFF7712",
        "repo": "cctop",
        "rev": "dab235d05aa17a2d0a14cb4f82a803306f270e7e",
        "type": "github"
      },
      "original": {
        "owner": "JEFF7712",
        "repo": "cctop",
        "type": "github"
      }
    },
    "fenix": {
      "inputs": {
        "nixpkgs": [
          "globalprotect-openconnect",
          "naersk",
          "nixpkgs"
        ],
        "rust-analyzer-src": "rust-analyzer-src"
      },
      "locked": {
        "lastModified": 1752475459,
        "narHash": "sha256-z6QEu4ZFuHiqdOPbYss4/Q8B0BFhacR8ts6jO/F/aOU=",
        "owner": "nix-community",
        "repo": "fenix",
        "rev": "bf0d6f70f4c9a9cf8845f992105652173f4b617f",
        "type": "github"
      },
      "original": {
        "owner": "nix-community",
        "repo": "fenix",
        "type": "github"
      }
    },
    "flake-parts": {
      "inputs": {
        "nixpkgs-lib": "nixpkgs-lib"
      },
      "locked": {
        "lastModified": 1778716662,
        "narHash": "sha256-m1Yf0wZ8j1OHjTc2UwHwyQRSnNeSgLJOd7q5Y45hzi4=",
        "owner": "hercules-ci",
        "repo": "flake-parts",
        "rev": "f7c1a2d347e4c52d5fb8d10cb4d94b5884e546fb",
        "type": "github"
      },
      "original": {
        "owner": "hercules-ci",
        "repo": "flake-parts",
        "type": "github"
      }
    },
    "flake-parts_2": {
      "inputs": {
        "nixpkgs-lib": [
          "nixvim",
          "nixpkgs"
        ]
      },
      "locked": {
        "lastModified": 1778716662,
        "narHash": "sha256-m1Yf0wZ8j1OHjTc2UwHwyQRSnNeSgLJOd7q5Y45hzi4=",
        "owner": "hercules-ci",
        "repo": "flake-parts",
        "rev": "f7c1a2d347e4c52d5fb8d10cb4d94b5884e546fb",
        "type": "github"
      },
      "original": {
        "owner": "hercules-ci",
        "repo": "flake-parts",
        "type": "github"
      }
    },
    "flake-parts_3": {
      "inputs": {
        "nixpkgs-lib": "nixpkgs-lib_2"
      },
      "locked": {
        "lastModified": 1778716662,
        "narHash": "sha256-m1Yf0wZ8j1OHjTc2UwHwyQRSnNeSgLJOd7q5Y45hzi4=",
        "owner": "hercules-ci",
        "repo": "flake-parts",
        "rev": "f7c1a2d347e4c52d5fb8d10cb4d94b5884e546fb",
        "type": "github"
      },
      "original": {
        "owner": "hercules-ci",
        "repo": "flake-parts",
        "type": "github"
      }
    },
    "flake-utils": {
      "inputs": {
        "systems": "systems"
      },
      "locked": {
        "lastModified": 1731533236,
        "narHash": "sha256-l0KFg5HjrsfsO/JpG+r7fRrqm12kzFHyUHqHCVpMMbI=",
        "owner": "numtide",
        "repo": "flake-utils",
        "rev": "11707dc2f618dd54ca8739b309ec4fc024de578b",
        "type": "github"
      },
      "original": {
        "owner": "numtide",
        "repo": "flake-utils",
        "type": "github"
      }
    },
    "flake-utils_2": {
      "inputs": {
        "systems": "systems_2"
      },
      "locked": {
        "lastModified": 1731533236,
        "narHash": "sha256-l0KFg5HjrsfsO/JpG+r7fRrqm12kzFHyUHqHCVpMMbI=",
        "owner": "numtide",
        "repo": "flake-utils",
        "rev": "11707dc2f618dd54ca8739b309ec4fc024de578b",
        "type": "github"
      },
      "original": {
        "owner": "numtide",
        "repo": "flake-utils",
        "type": "github"
      }
    },
    "flake-utils_3": {
      "locked": {
        "lastModified": 1652776076,
        "narHash": "sha256-gzTw/v1vj4dOVbpBSJX4J0DwUR6LIyXo7/SuuTJp1kM=",
        "owner": "numtide",
        "repo": "flake-utils",
        "rev": "04c1b180862888302ddfb2e3ad9eaa63afc60cf8",
        "type": "github"
      },
      "original": {
        "owner": "numtide",
        "ref": "v1.0.0",
        "repo": "flake-utils",
        "type": "github"
      }
    },
    "flake-utils_4": {
      "inputs": {
        "systems": "systems_3"
      },
      "locked": {
        "lastModified": 1731533236,
        "narHash": "sha256-l0KFg5HjrsfsO/JpG+r7fRrqm12kzFHyUHqHCVpMMbI=",
        "owner": "numtide",
        "repo": "flake-utils",
        "rev": "11707dc2f618dd54ca8739b309ec4fc024de578b",
        "type": "github"
      },
      "original": {
        "owner": "numtide",
        "repo": "flake-utils",
        "type": "github"
      }
    },
    "flake-utils_5": {
      "inputs": {
        "systems": "systems_6"
      },
      "locked": {
        "lastModified": 1731533236,
        "narHash": "sha256-l0KFg5HjrsfsO/JpG+r7fRrqm12kzFHyUHqHCVpMMbI=",
        "owner": "numtide",
        "repo": "flake-utils",
        "rev": "11707dc2f618dd54ca8739b309ec4fc024de578b",
        "type": "github"
      },
      "original": {
        "owner": "numtide",
        "repo": "flake-utils",
        "type": "github"
      }
    },
    "globalprotect-openconnect": {
      "inputs": {
        "flake-utils": "flake-utils_2",
        "naersk": "naersk",
        "nixpkgs": [
          "nixpkgs"
        ],
        "rust-overlay": "rust-overlay"
      },
      "locked": {
        "lastModified": 1778337824,
        "narHash": "sha256-sJ6+Y9t4cIt6LItBb8ZTMQC2bBlQ1NIwrak2dM6HHI4=",
        "owner": "yuezk",
        "repo": "GlobalProtect-openconnect",
        "rev": "7d63836e3571bf6fa800261621da6e78841913c0",
        "type": "github"
      },
      "original": {
        "owner": "yuezk",
        "repo": "GlobalProtect-openconnect",
        "type": "github"
      }
    },
    "home-manager": {
      "inputs": {
        "nixpkgs": [
          "nixpkgs"
        ]
      },
      "locked": {
        "lastModified": 1781189114,
        "narHash": "sha256-5inaamLgUMWy+MOBE9ChF9QAF1o/74LFuHkI0W/9rqc=",
        "owner": "nix-community",
        "repo": "home-manager",
        "rev": "486595d2cf49cfcd649b58a284fa11ac0e34da22",
        "type": "github"
      },
      "original": {
        "owner": "nix-community",
        "repo": "home-manager",
        "type": "github"
      }
    },
    "import-tree": {
      "locked": {
        "lastModified": 1778781969,
        "narHash": "sha256-Jjuz5CmSkur8KvLDoGa+vylEp+RkQtv4mt/qcMznpH0=",
        "owner": "vic",
        "repo": "import-tree",
        "rev": "d321337efd0f23a9eb14a42adb7b2c29313ab274",
        "type": "github"
      },
      "original": {
        "owner": "vic",
        "repo": "import-tree",
        "type": "github"
      }
    },
    "mercury-cli": {
      "inputs": {
        "flake-utils": "flake-utils_3",
        "nixpkgs": [
          "nixpkgs"
        ]
      },
      "locked": {
        "lastModified": 1780623756,
        "narHash": "sha256-WbtbLmarLpsrssAhCht//3GZB2nUhbONeK3PQ17+oXg=",
        "owner": "MercuryTechnologies",
        "repo": "mercury-cli",
        "rev": "50fdbe9c00d11192fd0772d72d7f99fe5c69c615",
        "type": "github"
      },
      "original": {
        "owner": "MercuryTechnologies",
        "repo": "mercury-cli",
        "type": "github"
      }
    },
    "naersk": {
      "inputs": {
        "fenix": "fenix",
        "nixpkgs": "nixpkgs"
      },
      "locked": {
        "lastModified": 1763384566,
        "narHash": "sha256-r+wgI+WvNaSdxQmqaM58lVNvJYJ16zoq+tKN20cLst4=",
        "owner": "nix-community",
        "repo": "naersk",
        "rev": "d4155d6ebb70fbe2314959842f744aa7cabbbf6a",
        "type": "github"
      },
      "original": {
        "owner": "nix-community",
        "repo": "naersk",
        "type": "github"
      }
    },
    "nix-agent": {
      "inputs": {
        "flake-utils": "flake-utils_4",
        "nixpkgs": "nixpkgs_3"
      },
      "locked": {
        "lastModified": 1781327114,
        "narHash": "sha256-GMP+G082gummGzKpeJvWIOGhZojO1sQECYIDPH1LXp8=",
        "owner": "JEFF7712",
        "repo": "nix-agent",
        "rev": "d558f6c5b22adb579d0b6358bb6410ea8fc393c1",
        "type": "github"
      },
      "original": {
        "owner": "JEFF7712",
        "ref": "v0.5.0",
        "repo": "nix-agent",
        "type": "github"
      }
    },
    "nix-index-database": {
      "inputs": {
        "nixpkgs": [
          "nixpkgs"
        ]
      },
      "locked": {
        "lastModified": 1780816331,
        "narHash": "sha256-0BYqs8yKWkOz2Q7+SP18N5E5gmDKSo6LSxIVIa0wWes=",
        "owner": "nix-community",
        "repo": "nix-index-database",
        "rev": "1a2ea89c917781e88508d9fd2b507f2d2a0e173c",
        "type": "github"
      },
      "original": {
        "owner": "nix-community",
        "repo": "nix-index-database",
        "type": "github"
      }
    },
    "nix-vscode-extensions": {
      "inputs": {
        "nixpkgs": [
          "nixpkgs"
        ]
      },
      "locked": {
        "lastModified": 1781238549,
        "narHash": "sha256-X0K1hg1ATfc9emYxU/G2/x68ehTamcoFfaA2SmZ4j8s=",
        "owner": "nix-community",
        "repo": "nix-vscode-extensions",
        "rev": "e917778435353bf33ac4caae11d6b7a56f3d0bba",
        "type": "github"
      },
      "original": {
        "owner": "nix-community",
        "repo": "nix-vscode-extensions",
        "type": "github"
      }
    },
    "nixpkgs": {
      "locked": {
        "lastModified": 1752077645,
        "narHash": "sha256-HM791ZQtXV93xtCY+ZxG1REzhQenSQO020cu6rHtAPk=",
        "owner": "NixOS",
        "repo": "nixpkgs",
        "rev": "be9e214982e20b8310878ac2baa063a961c1bdf6",
        "type": "github"
      },
      "original": {
        "owner": "NixOS",
        "ref": "nixpkgs-unstable",
        "repo": "nixpkgs",
        "type": "github"
      }
    },
    "nixpkgs-lib": {
      "locked": {
        "lastModified": 1777168982,
        "narHash": "sha256-GOkGPcboWE9BmGCRMLX3worL4EMnsnG8MyKmXNeYuhQ=",
        "owner": "nix-community",
        "repo": "nixpkgs.lib",
        "rev": "f5901329dade4a6ea039af1433fb087bd9c1fe14",
        "type": "github"
      },
      "original": {
        "owner": "nix-community",
        "repo": "nixpkgs.lib",
        "type": "github"
      }
    },
    "nixpkgs-lib_2": {
      "locked": {
        "lastModified": 1777168982,
        "narHash": "sha256-GOkGPcboWE9BmGCRMLX3worL4EMnsnG8MyKmXNeYuhQ=",
        "owner": "nix-community",
        "repo": "nixpkgs.lib",
        "rev": "f5901329dade4a6ea039af1433fb087bd9c1fe14",
        "type": "github"
      },
      "original": {
        "owner": "nix-community",
        "repo": "nixpkgs.lib",
        "type": "github"
      }
    },
    "nixpkgs-stable": {
      "locked": {
        "lastModified": 1780952837,
        "narHash": "sha256-Fwd1+spDtQ0hDyBwme6ufG3n4mY0UrjjFdYHv+G/Hds=",
        "owner": "nixos",
        "repo": "nixpkgs",
        "rev": "e820eb4a444b46a19b2e03e8dfd2359439ff30fe",
        "type": "github"
      },
      "original": {
        "owner": "nixos",
        "ref": "nixos-25.11",
        "repo": "nixpkgs",
        "type": "github"
      }
    },
    "nixpkgs_2": {
      "locked": {
        "lastModified": 1744536153,
        "narHash": "sha256-awS2zRgF4uTwrOKwwiJcByDzDOdo3Q1rPZbiHQg/N38=",
        "owner": "NixOS",
        "repo": "nixpkgs",
        "rev": "18dd725c29603f582cf1900e0d25f9f1063dbf11",
        "type": "github"
      },
      "original": {
        "owner": "NixOS",
        "ref": "nixpkgs-unstable",
        "repo": "nixpkgs",
        "type": "github"
      }
    },
    "nixpkgs_3": {
      "locked": {
        "lastModified": 1773821835,
        "narHash": "sha256-TJ3lSQtW0E2JrznGVm8hOQGVpXjJyXY2guAxku2O9A4=",
        "owner": "NixOS",
        "repo": "nixpkgs",
        "rev": "b40629efe5d6ec48dd1efba650c797ddbd39ace0",
        "type": "github"
      },
      "original": {
        "owner": "NixOS",
        "ref": "nixos-unstable",
        "repo": "nixpkgs",
        "type": "github"
      }
    },
    "nixpkgs_4": {
      "locked": {
        "lastModified": 1781074563,
        "narHash": "sha256-md8WlXOlfnIeHeOScMTTHFyf2d6iaTwPl2apR5EQ3P4=",
        "owner": "nixos",
        "repo": "nixpkgs",
        "rev": "9ae611a455b90cf061d8f332b977e387bda8e1ca",
        "type": "github"
      },
      "original": {
        "owner": "nixos",
        "ref": "nixos-unstable",
        "repo": "nixpkgs",
        "type": "github"
      }
    },
    "nixvim": {
      "inputs": {
        "flake-parts": "flake-parts_2",
        "nixpkgs": [
          "nixpkgs"
        ],
        "systems": "systems_4"
      },
      "locked": {
        "lastModified": 1781287460,
        "narHash": "sha256-9hXtN4my7eBqHRVQ/t6FQZ4YqZ1KG6SsKSG4Hdtr+i0=",
        "owner": "nix-community",
        "repo": "nixvim",
        "rev": "f2029d9a26266eb67f46b0c79bd0a3713839a57a",
        "type": "github"
      },
      "original": {
        "owner": "nix-community",
        "repo": "nixvim",
        "type": "github"
      }
    },
    "noctalia": {
      "inputs": {
        "nixpkgs": [
          "nixpkgs"
        ]
      },
      "locked": {
        "lastModified": 1781299248,
        "narHash": "sha256-droT/PFPI14Rif4u6CODQbGR8yxTsLhcK6mVZdilhIc=",
        "owner": "noctalia-dev",
        "repo": "noctalia-shell",
        "rev": "600e194e502a6eb352fcef35bc90d3e41666d9e0",
        "type": "github"
      },
      "original": {
        "owner": "noctalia-dev",
        "repo": "noctalia-shell",
        "type": "github"
      }
    },
    "root": {
      "inputs": {
        "asus-numberpad-driver": "asus-numberpad-driver",
        "claude-code-nix": "claude-code-nix",
        "compchem-cctop": "compchem-cctop",
        "flake-parts": "flake-parts",
        "globalprotect-openconnect": "globalprotect-openconnect",
        "home-manager": "home-manager",
        "import-tree": "import-tree",
        "mercury-cli": "mercury-cli",
        "nix-agent": "nix-agent",
        "nix-index-database": "nix-index-database",
        "nix-vscode-extensions": "nix-vscode-extensions",
        "nixpkgs": "nixpkgs_4",
        "nixpkgs-stable": "nixpkgs-stable",
        "nixvim": "nixvim",
        "noctalia": "noctalia",
        "spicetify-nix": "spicetify-nix",
        "stasis": "stasis",
        "terax": "terax",
        "treefmt-nix": "treefmt-nix"
      }
    },
    "rust-analyzer-src": {
      "flake": false,
      "locked": {
        "lastModified": 1752428706,
        "narHash": "sha256-EJcdxw3aXfP8Ex1Nm3s0awyH9egQvB2Gu+QEnJn2Sfg=",
        "owner": "rust-lang",
        "repo": "rust-analyzer",
        "rev": "591e3b7624be97e4443ea7b5542c191311aa141d",
        "type": "github"
      },
      "original": {
        "owner": "rust-lang",
        "ref": "nightly",
        "repo": "rust-analyzer",
        "type": "github"
      }
    },
    "rust-overlay": {
      "inputs": {
        "nixpkgs": "nixpkgs_2"
      },
      "locked": {
        "lastModified": 1766457837,
        "narHash": "sha256-aeBbkQ0HPFNOIsUeEsXmZHXbYq4bG8ipT9JRlCcKHgU=",
        "owner": "oxalica",
        "repo": "rust-overlay",
        "rev": "2c7510a559416d07242621d036847152d970612b",
        "type": "github"
      },
      "original": {
        "owner": "oxalica",
        "repo": "rust-overlay",
        "type": "github"
      }
    },
    "spicetify-nix": {
      "inputs": {
        "nixpkgs": [
          "nixpkgs"
        ],
        "systems": "systems_5"
      },
      "locked": {
        "lastModified": 1781101834,
        "narHash": "sha256-gNVY6SYglFe37FpD+NnOjTipsqvVMM2vh/uc22KDEsA=",
        "owner": "Gerg-L",
        "repo": "spicetify-nix",
        "rev": "0243dd6707c969fc8440216c811b3f2e4a4cceb7",
        "type": "github"
      },
      "original": {
        "owner": "Gerg-L",
        "repo": "spicetify-nix",
        "type": "github"
      }
    },
    "stasis": {
      "inputs": {
        "flake-parts": "flake-parts_3",
        "nixpkgs": [
          "nixpkgs"
        ]
      },
      "locked": {
        "lastModified": 1781194591,
        "narHash": "sha256-5p0r9ymR2YimorGEVFdjqYKaQTeqSY7dZleV3kghUIc=",
        "owner": "saltnpepper97",
        "repo": "stasis",
        "rev": "b43675d549ebdb028d6def65d5e64b8ec57b772a",
        "type": "github"
      },
      "original": {
        "owner": "saltnpepper97",
        "repo": "stasis",
        "type": "github"
      }
    },
    "systems": {
      "locked": {
        "lastModified": 1681028828,
        "narHash": "sha256-Vy1rq5AaRuLzOxct8nz4T6wlgyUR7zLU309k9mBC768=",
        "owner": "nix-systems",
        "repo": "default",
        "rev": "da67096a3b9bf56a91d16901293e51ba5b49a27e",
        "type": "github"
      },
      "original": {
        "owner": "nix-systems",
        "repo": "default",
        "type": "github"
      }
    },
    "systems_2": {
      "locked": {
        "lastModified": 1681028828,
        "narHash": "sha256-Vy1rq5AaRuLzOxct8nz4T6wlgyUR7zLU309k9mBC768=",
        "owner": "nix-systems",
        "repo": "default",
        "rev": "da67096a3b9bf56a91d16901293e51ba5b49a27e",
        "type": "github"
      },
      "original": {
        "owner": "nix-systems",
        "repo": "default",
        "type": "github"
      }
    },
    "systems_3": {
      "locked": {
        "lastModified": 1681028828,
        "narHash": "sha256-Vy1rq5AaRuLzOxct8nz4T6wlgyUR7zLU309k9mBC768=",
        "owner": "nix-systems",
        "repo": "default",
        "rev": "da67096a3b9bf56a91d16901293e51ba5b49a27e",
        "type": "github"
      },
      "original": {
        "owner": "nix-systems",
        "repo": "default",
        "type": "github"
      }
    },
    "systems_4": {
      "locked": {
        "lastModified": 1774449309,
        "narHash": "sha256-brhZ8DmuGtzkCYHJg4HEd602amKm89Y9ytsFZ5uWD1w=",
        "owner": "nix-systems",
        "repo": "default",
        "rev": "c29398b59d2048c4ab79345812849c9bd15e9150",
        "type": "github"
      },
      "original": {
        "owner": "nix-systems",
        "ref": "future-26.11",
        "repo": "default",
        "type": "github"
      }
    },
    "systems_5": {
      "locked": {
        "lastModified": 1681028828,
        "narHash": "sha256-Vy1rq5AaRuLzOxct8nz4T6wlgyUR7zLU309k9mBC768=",
        "owner": "nix-systems",
        "repo": "default",
        "rev": "da67096a3b9bf56a91d16901293e51ba5b49a27e",
        "type": "github"
      },
      "original": {
        "owner": "nix-systems",
        "repo": "default",
        "type": "github"
      }
    },
    "systems_6": {
      "locked": {
        "lastModified": 1681028828,
        "narHash": "sha256-Vy1rq5AaRuLzOxct8nz4T6wlgyUR7zLU309k9mBC768=",
        "owner": "nix-systems",
        "repo": "default",
        "rev": "da67096a3b9bf56a91d16901293e51ba5b49a27e",
        "type": "github"
      },
      "original": {
        "owner": "nix-systems",
        "repo": "default",
        "type": "github"
      }
    },
    "terax": {
      "inputs": {
        "flake-utils": "flake-utils_5",
        "nixpkgs": [
          "nixpkgs"
        ]
      },
      "locked": {
        "lastModified": 1779676601,
        "narHash": "sha256-8mpJakiGyRBGkL+HKRROzhj312prc7eHB7cC/FgHZ9g=",
        "owner": "JEFF7712",
        "repo": "terax-flake",
        "rev": "1e1a8ca152387207284b189a854c3fc717b57d51",
        "type": "github"
      },
      "original": {
        "owner": "JEFF7712",
        "repo": "terax-flake",
        "type": "github"
      }
    },
    "treefmt-nix": {
      "inputs": {
        "nixpkgs": [
          "nixpkgs"
        ]
      },
      "locked": {
        "lastModified": 1780220602,
        "narHash": "sha256-eynAfOmbmxJnkp7YewvCEbShNnnYJ9gLLqkzsYtBPeM=",
        "owner": "numtide",
        "repo": "treefmt-nix",
        "rev": "db947814a175b7ca6ded66e21383d938df01c227",
        "type": "github"
      },
      "original": {
        "owner": "numtide",
        "repo": "treefmt-nix",
        "type": "github"
      }
    }
  },
  "root": "root",
  "version": 7
}
